
Microsoft Visual Studio Solution File, Format Version 12.00
# Visual Studio Version 16
VisualStudioVersion = 16.0.31005.135
MinimumVisualStudioVersion = 10.0.40219.1
Project("{FAE04EC0-301F-11D3-BF4B-00C04F79EFBC}") = "week10", "week10\week10.csproj", "{C7BF5127-34DA-4142-AB77-61FA89CCB76C}"
EndProject
Global
	GlobalSection(SolutionConfigurationPlatforms) = preSolution
		Debug|Any CPU = Debug|Any CPU
		Release|Any CPU = Release|Any CPU
	EndGlobalSection
	GlobalSection(ProjectConfigurationPlatforms) = postSolution
		{C7BF5127-34DA-4142-AB77-61FA89CCB76C}.Debug|Any CPU.ActiveCfg = Debug|Any CPU
		{C7BF5127-34DA-4142-AB77-61FA89CCB76C}.Debug|Any CPU.Build.0 = Debug|Any CPU
		{C7BF5127-34DA-4142-AB77-61FA89CCB76C}.Release|Any CPU.ActiveCfg = Release|Any CPU
		{C7BF5127-34DA-4142-AB77-61FA89CCB76C}.Release|Any CPU.Build.0 = Release|Any CPU
	EndGlobalSection
	GlobalSection(SolutionProperties) = preSolution
		HideSolutionNode = FALSE
	EndGlobalSection
	GlobalSection(ExtensibilityGlobals) = postSolution
		SolutionGuid = {9B40234D-F457-4632-9CF1-5DB33F7547DF}
	EndGlobalSection
EndGlobal
