
Microsoft Visual Studio Solution File, Format Version 12.00
# Visual Studio Version 16
VisualStudioVersion = 16.0.31005.135
MinimumVisualStudioVersion = 10.0.40219.1
Project("{FAE04EC0-301F-11D3-BF4B-00C04F79EFBC}") = "week07", "week07\week07.csproj", "{456E5371-78BB-49AD-934A-6A9A947F34A6}"
EndProject
Global
	GlobalSection(SolutionConfigurationPlatforms) = preSolution
		Debug|Any CPU = Debug|Any CPU
		Release|Any CPU = Release|Any CPU
	EndGlobalSection
	GlobalSection(ProjectConfigurationPlatforms) = postSolution
		{456E5371-78BB-49AD-934A-6A9A947F34A6}.Debug|Any CPU.ActiveCfg = Debug|Any CPU
		{456E5371-78BB-49AD-934A-6A9A947F34A6}.Debug|Any CPU.Build.0 = Debug|Any CPU
		{456E5371-78BB-49AD-934A-6A9A947F34A6}.Release|Any CPU.ActiveCfg = Release|Any CPU
		{456E5371-78BB-49AD-934A-6A9A947F34A6}.Release|Any CPU.Build.0 = Release|Any CPU
	EndGlobalSection
	GlobalSection(SolutionProperties) = preSolution
		HideSolutionNode = FALSE
	EndGlobalSection
	GlobalSection(ExtensibilityGlobals) = postSolution
		SolutionGuid = {D72288F5-C37D-497D-99B0-B1ACDE3D7DF2}
	EndGlobalSection
EndGlobal
